<Solution>
  <Folder Name="/MGUI/">
    <Project Path="../MGUI/MGUI.Core/MGUI.Core.csproj" />
    <Project Path="../MGUI/MGUI.FontStashSharp/MGUI.FontStashSharp.csproj" />
    <Project Path="../MGUI/MGUI.Shared/MGUI.Shared.csproj" />
  </Folder>
  <Project Path="DbzLegendsAnalyser/DbzLegendsAnalyser.csproj" />
  <Project Path="PsxTools/PsxTools.csproj" />
</Solution>
